// !$*UTF8*$!
{
	archiveVersion = 1;
	classes = {
	};
	objectVersion = 56;
	objects = {

/* Begin PBXBuildFile section */
		74A4C33C2CA1E93300159D01 /* AppDelegate.swift in Sources */ = {isa = PBXBuildFile; fileRef = 74A4C33B2CA1E93300159D01 /* AppDelegate.swift */; };
		74A4C33E2CA1E93300159D01 /* SceneDelegate.swift in Sources */ = {isa = PBXBuildFile; fileRef = 74A4C33D2CA1E93300159D01 /* SceneDelegate.swift */; };
		74A4C3432CA1E93300159D01 /* Main.storyboard in Resources */ = {isa = PBXBuildFile; fileRef = 74A4C3412CA1E93300159D01 /* Main.storyboard */; };
		74A4C3452CA1E93500159D01 /* Assets.xcassets in Resources */ = {isa = PBXBuildFile; fileRef = 74A4C3442CA1E93500159D01 /* Assets.xcassets */; };
		74A4C3482CA1E93500159D01 /* LaunchScreen.storyboard in Resources */ = {isa = PBXBuildFile; fileRef = 74A4C3462CA1E93500159D01 /* LaunchScreen.storyboard */; };
		74A4C3562CA1EC7A00159D01 /* MovieListTableViewController.swift in Sources */ = {isa = PBXBuildFile; fileRef = 74A4C3552CA1EC7A00159D01 /* MovieListTableViewController.swift */; };
		74A4C3582CA1ECE200159D01 /* Movie.swift in Sources */ = {isa = PBXBuildFile; fileRef = 74A4C3572CA1ECE200159D01 /* Movie.swift */; };
		74A4C35A2CA1EEE700159D01 /* DataManager.swift in Sources */ = {isa = PBXBuildFile; fileRef = 74A4C3592CA1EEE700159D01 /* DataManager.swift */; };
		74A4C35C2CA1FA5600159D01 /* MovieInfoViewController.swift in Sources */ = {isa = PBXBuildFile; fileRef = 74A4C35B2CA1FA5600159D01 /* MovieInfoViewController.swift */; };
		74CF49F32CA298B800FFB8BC /* CellController.swift in Sources */ = {isa = PBXBuildFile; fileRef = 74CF49F22CA298B800FFB8BC /* CellController.swift */; };
		74CF49F52CA2A28F00FFB8BC /* MovieDescription.swift in Sources */ = {isa = PBXBuildFile; fileRef = 74CF49F42CA2A28F00FFB8BC /* MovieDescription.swift */; };
/* End PBXBuildFile section */

/* Begin PBXFileReference section */
		74A4C3382CA1E93300159D01 /* Movies HW 2.8.1.app */ = {isa = PBXFileReference; explicitFileType = wrapper.application; includeInIndex = 0; path = "Movies HW 2.8.1.app"; sourceTree = BUILT_PRODUCTS_DIR; };
		74A4C33B2CA1E93300159D01 /* AppDelegate.swift */ = {isa = PBXFileReference; lastKnownFileType = sourcecode.swift; path = AppDelegate.swift; sourceTree = "<group>"; };
		74A4C33D2CA1E93300159D01 /* SceneDelegate.swift */ = {isa = PBXFileReference; lastKnownFileType = sourcecode.swift; path = SceneDelegate.swift; sourceTree = "<group>"; };
		74A4C3422CA1E93300159D01 /* Base */ = {isa = PBXFileReference; lastKnownFileType = file.storyboard; name = Base; path = Base.lproj/Main.storyboard; sourceTree = "<group>"; };
		74A4C3442CA1E93500159D01 /* Assets.xcassets */ = {isa = PBXFileReference; lastKnownFileType = folder.assetcatalog; path = Assets.xcassets; sourceTree = "<group>"; };
		74A4C3472CA1E93500159D01 /* Base */ = {isa = PBXFileReference; lastKnownFileType = file.storyboard; name = Base; path = Base.lproj/LaunchScreen.storyboard; sourceTree = "<group>"; };
		74A4C3492CA1E93500159D01 /* Info.plist */ = {isa = PBXFileReference; lastKnownFileType = text.plist.xml; path = Info.plist; sourceTree = "<group>"; };
		74A4C3552CA1EC7A00159D01 /* MovieListTableViewController.swift */ = {isa = PBXFileReference; lastKnownFileType = sourcecode.swift; path = MovieListTableViewController.swift; sourceTree = "<group>"; };
		74A4C3572CA1ECE200159D01 /* Movie.swift */ = {isa = PBXFileReference; lastKnownFileType = sourcecode.swift; path = Movie.swift; sourceTree = "<group>"; };
		74A4C3592CA1EEE700159D01 /* DataManager.swift */ = {isa = PBXFileReference; lastKnownFileType = sourcecode.swift; path = DataManager.swift; sourceTree = "<group>"; };
		74A4C35B2CA1FA5600159D01 /* MovieInfoViewController.swift */ = {isa = PBXFileReference; lastKnownFileType = sourcecode.swift; path = MovieInfoViewController.swift; sourceTree = "<group>"; };
		74CF49F22CA298B800FFB8BC /* CellController.swift */ = {isa = PBXFileReference; lastKnownFileType = sourcecode.swift; path = CellController.swift; sourceTree = "<group>"; };
		74CF49F42CA2A28F00FFB8BC /* MovieDescription.swift */ = {isa = PBXFileReference; lastKnownFileType = sourcecode.swift; path = MovieDescription.swift; sourceTree = "<group>"; };
/* End PBXFileReference section */

/* Begin PBXFrameworksBuildPhase section */
		74A4C3352CA1E93300159D01 /* Frameworks */ = {
			isa = PBXFrameworksBuildPhase;
			buildActionMask = 2147483647;
			files = (
			);
			runOnlyForDeploymentPostprocessing = 0;
		};
/* End PBXFrameworksBuildPhase section */

/* Begin PBXGroup section */
		74A4C32F2CA1E93300159D01 = {
			isa = PBXGroup;
			children = (
				74A4C33A2CA1E93300159D01 /* Movies HW 2.8.1 */,
				74A4C3392CA1E93300159D01 /* Products */,
			);
			sourceTree = "<group>";
		};
		74A4C3392CA1E93300159D01 /* Products */ = {
			isa = PBXGroup;
			children = (
				74A4C3382CA1E93300159D01 /* Movies HW 2.8.1.app */,
			);
			name = Products;
			sourceTree = "<group>";
		};
		74A4C33A2CA1E93300159D01 /* Movies HW 2.8.1 */ = {
			isa = PBXGroup;
			children = (
				74A4C3542CA1EA8600159D01 /* Helpers */,
				74A4C3522CA1EA2000159D01 /* Models */,
				74A4C34F2CA1E98400159D01 /* App */,
				74A4C3512CA1E9E700159D01 /* View Controllers */,
				74A4C3502CA1E9AB00159D01 /* Storybourds */,
				74A4C3532CA1EA3500159D01 /* Resourses */,
				74A4C3492CA1E93500159D01 /* Info.plist */,
			);
			path = "Movies HW 2.8.1";
			sourceTree = "<group>";
		};
		74A4C34F2CA1E98400159D01 /* App */ = {
			isa = PBXGroup;
			children = (
				74A4C33B2CA1E93300159D01 /* AppDelegate.swift */,
				74A4C33D2CA1E93300159D01 /* SceneDelegate.swift */,
			);
			path = App;
			sourceTree = "<group>";
		};
		74A4C3502CA1E9AB00159D01 /* Storybourds */ = {
			isa = PBXGroup;
			children = (
				74A4C3412CA1E93300159D01 /* Main.storyboard */,
				74A4C3462CA1E93500159D01 /* LaunchScreen.storyboard */,
			);
			path = Storybourds;
			sourceTree = "<group>";
		};
		74A4C3512CA1E9E700159D01 /* View Controllers */ = {
			isa = PBXGroup;
			children = (
				74A4C3552CA1EC7A00159D01 /* MovieListTableViewController.swift */,
				74A4C35B2CA1FA5600159D01 /* MovieInfoViewController.swift */,
			);
			path = "View Controllers";
			sourceTree = "<group>";
		};
		74A4C3522CA1EA2000159D01 /* Models */ = {
			isa = PBXGroup;
			children = (
				74A4C3572CA1ECE200159D01 /* Movie.swift */,
			);
			path = Models;
			sourceTree = "<group>";
		};
		74A4C3532CA1EA3500159D01 /* Resourses */ = {
			isa = PBXGroup;
			children = (
				74A4C3442CA1E93500159D01 /* Assets.xcassets */,
				74CF49F42CA2A28F00FFB8BC /* MovieDescription.swift */,
			);
			path = Resourses;
			sourceTree = "<group>";
		};
		74A4C3542CA1EA8600159D01 /* Helpers */ = {
			isa = PBXGroup;
			children = (
				74A4C3592CA1EEE700159D01 /* DataManager.swift */,
				74CF49F22CA298B800FFB8BC /* CellController.swift */,
			);
			path = Helpers;
			sourceTree = "<group>";
		};
/* End PBXGroup section */

/* Begin PBXNativeTarget section */
		74A4C3372CA1E93300159D01 /* Movies HW 2.8.1 */ = {
			isa = PBXNativeTarget;
			buildConfigurationList = 74A4C34C2CA1E93500159D01 /* Build configuration list for PBXNativeTarget "Movies HW 2.8.1" */;
			buildPhases = (
				74A4C3342CA1E93300159D01 /* Sources */,
				74A4C3352CA1E93300159D01 /* Frameworks */,
				74A4C3362CA1E93300159D01 /* Resources */,
			);
			buildRules = (
			);
			dependencies = (
			);
			name = "Movies HW 2.8.1";
			productName = "Movies HW 2.8.1";
			productReference = 74A4C3382CA1E93300159D01 /* Movies HW 2.8.1.app */;
			productType = "com.apple.product-type.application";
		};
/* End PBXNativeTarget section */

/* Begin PBXProject section */
		74A4C3302CA1E93300159D01 /* Project object */ = {
			isa = PBXProject;
			attributes = {
				BuildIndependentTargetsInParallel = 1;
				LastSwiftUpdateCheck = 1420;
				LastUpgradeCheck = 1420;
				TargetAttributes = {
					74A4C3372CA1E93300159D01 = {
						CreatedOnToolsVersion = 14.2;
					};
				};
			};
			buildConfigurationList = 74A4C3332CA1E93300159D01 /* Build configuration list for PBXProject "Movies HW 2.8.1" */;
			compatibilityVersion = "Xcode 14.0";
			developmentRegion = en;
			hasScannedForEncodings = 0;
			knownRegions = (
				en,
				Base,
			);
			mainGroup = 74A4C32F2CA1E93300159D01;
			productRefGroup = 74A4C3392CA1E93300159D01 /* Products */;
			projectDirPath = "";
			projectRoot = "";
			targets = (
				74A4C3372CA1E93300159D01 /* Movies HW 2.8.1 */,
			);
		};
/* End PBXProject section */

/* Begin PBXResourcesBuildPhase section */
		74A4C3362CA1E93300159D01 /* Resources */ = {
			isa = PBXResourcesBuildPhase;
			buildActionMask = 2147483647;
			files = (
				74A4C3482CA1E93500159D01 /* LaunchScreen.storyboard in Resources */,
				74A4C3452CA1E93500159D01 /* Assets.xcassets in Resources */,
				74A4C3432CA1E93300159D01 /* Main.storyboard in Resources */,
			);
			runOnlyForDeploymentPostprocessing = 0;
		};
/* End PBXResourcesBuildPhase section */

/* Begin PBXSourcesBuildPhase section */
		74A4C3342CA1E93300159D01 /* Sources */ = {
			isa = PBXSourcesBuildPhase;
			buildActionMask = 2147483647;
			files = (
				74CF49F32CA298B800FFB8BC /* CellController.swift in Sources */,
				74A4C3562CA1EC7A00159D01 /* MovieListTableViewController.swift in Sources */,
				74A4C35A2CA1EEE700159D01 /* DataManager.swift in Sources */,
				74A4C33C2CA1E93300159D01 /* AppDelegate.swift in Sources */,
				74A4C3582CA1ECE200159D01 /* Movie.swift in Sources */,
				74CF49F52CA2A28F00FFB8BC /* MovieDescription.swift in Sources */,
				74A4C33E2CA1E93300159D01 /* SceneDelegate.swift in Sources */,
				74A4C35C2CA1FA5600159D01 /* MovieInfoViewController.swift in Sources */,
			);
			runOnlyForDeploymentPostprocessing = 0;
		};
/* End PBXSourcesBuildPhase section */

/* Begin PBXVariantGroup section */
		74A4C3412CA1E93300159D01 /* Main.storyboard */ = {
			isa = PBXVariantGroup;
			children = (
				74A4C3422CA1E93300159D01 /* Base */,
			);
			name = Main.storyboard;
			sourceTree = "<group>";
		};
		74A4C3462CA1E93500159D01 /* LaunchScreen.storyboard */ = {
			isa = PBXVariantGroup;
			children = (
				74A4C3472CA1E93500159D01 /* Base */,
			);
			name = LaunchScreen.storyboard;
			sourceTree = "<group>";
		};
/* End PBXVariantGroup section */

/* Begin XCBuildConfiguration section */
		74A4C34A2CA1E93500159D01 /* Debug */ = {
			isa = XCBuildConfiguration;
			buildSettings = {
				ALWAYS_SEARCH_USER_PATHS = NO;
				CLANG_ANALYZER_NONNULL = YES;
				CLANG_ANALYZER_NUMBER_OBJECT_CONVERSION = YES_AGGRESSIVE;
				CLANG_CXX_LANGUAGE_STANDARD = "gnu++20";
				CLANG_ENABLE_MODULES = YES;
				CLANG_ENABLE_OBJC_ARC = YES;
				CLANG_ENABLE_OBJC_WEAK = YES;
				CLANG_WARN_BLOCK_CAPTURE_AUTORELEASING = YES;
				CLANG_WARN_BOOL_CONVERSION = YES;
				CLANG_WARN_COMMA = YES;
				CLANG_WARN_CONSTANT_CONVERSION = YES;
				CLANG_WARN_DEPRECATED_OBJC_IMPLEMENTATIONS = YES;
				CLANG_WARN_DIRECT_OBJC_ISA_USAGE = YES_ERROR;
				CLANG_WARN_DOCUMENTATION_COMMENTS = YES;
				CLANG_WARN_EMPTY_BODY = YES;
				CLANG_WARN_ENUM_CONVERSION = YES;
				CLANG_WARN_INFINITE_RECURSION = YES;
				CLANG_WARN_INT_CONVERSION = YES;
				CLANG_WARN_NON_LITERAL_NULL_CONVERSION = YES;
				CLANG_WARN_OBJC_IMPLICIT_RETAIN_SELF = YES;
				CLANG_WARN_OBJC_LITERAL_CONVERSION = YES;
				CLANG_WARN_OBJC_ROOT_CLASS = YES_ERROR;
				CLANG_WARN_QUOTED_INCLUDE_IN_FRAMEWORK_HEADER = YES;
				CLANG_WARN_RANGE_LOOP_ANALYSIS = YES;
				CLANG_WARN_STRICT_PROTOTYPES = YES;
				CLANG_WARN_SUSPICIOUS_MOVE = YES;
				CLANG_WARN_UNGUARDED_AVAILABILITY = YES_AGGRESSIVE;
				CLANG_WARN_UNREACHABLE_CODE = YES;
				CLANG_WARN__DUPLICATE_METHOD_MATCH = YES;
				COPY_PHASE_STRIP = NO;
				DEBUG_INFORMATION_FORMAT = dwarf;
				ENABLE_STRICT_OBJC_MSGSEND = YES;
				ENABLE_TESTABILITY = YES;
				GCC_C_LANGUAGE_STANDARD = gnu11;
				GCC_DYNAMIC_NO_PIC = NO;
				GCC_NO_COMMON_BLOCKS = YES;
				GCC_OPTIMIZATION_LEVEL = 0;
				GCC_PREPROCESSOR_DEFINITIONS = (
					"DEBUG=1",
					"$(inherited)",
				);
				GCC_WARN_64_TO_32_BIT_CONVERSION = YES;
				GCC_WARN_ABOUT_RETURN_TYPE = YES_ERROR;
				GCC_WARN_UNDECLARED_SELECTOR = YES;
				GCC_WARN_UNINITIALIZED_AUTOS = YES_AGGRESSIVE;
				GCC_WARN_UNUSED_FUNCTION = YES;
				GCC_WARN_UNUSED_VARIABLE = YES;
				IPHONEOS_DEPLOYMENT_TARGET = 16.2;
				MTL_ENABLE_DEBUG_INFO = INCLUDE_SOURCE;
				MTL_FAST_MATH = YES;
				ONLY_ACTIVE_ARCH = YES;
				SDKROOT = iphoneos;
				SWIFT_ACTIVE_COMPILATION_CONDITIONS = DEBUG;
				SWIFT_OPTIMIZATION_LEVEL = "-Onone";
			};
			name = Debug;
		};
		74A4C34B2CA1E93500159D01 /* Release */ = {
			isa = XCBuildConfiguration;
			buildSettings = {
				ALWAYS_SEARCH_USER_PATHS = NO;
				CLANG_ANALYZER_NONNULL = YES;
				CLANG_ANALYZER_NUMBER_OBJECT_CONVERSION = YES_AGGRESSIVE;
				CLANG_CXX_LANGUAGE_STANDARD = "gnu++20";
				CLANG_ENABLE_MODULES = YES;
				CLANG_ENABLE_OBJC_ARC = YES;
				CLANG_ENABLE_OBJC_WEAK = YES;
				CLANG_WARN_BLOCK_CAPTURE_AUTORELEASING = YES;
				CLANG_WARN_BOOL_CONVERSION = YES;
				CLANG_WARN_COMMA = YES;
				CLANG_WARN_CONSTANT_CONVERSION = YES;
				CLANG_WARN_DEPRECATED_OBJC_IMPLEMENTATIONS = YES;
				CLANG_WARN_DIRECT_OBJC_ISA_USAGE = YES_ERROR;
				CLANG_WARN_DOCUMENTATION_COMMENTS = YES;
				CLANG_WARN_EMPTY_BODY = YES;
				CLANG_WARN_ENUM_CONVERSION = YES;
				CLANG_WARN_INFINITE_RECURSION = YES;
				CLANG_WARN_INT_CONVERSION = YES;
				CLANG_WARN_NON_LITERAL_NULL_CONVERSION = YES;
				CLANG_WARN_OBJC_IMPLICIT_RETAIN_SELF = YES;
				CLANG_WARN_OBJC_LITERAL_CONVERSION = YES;
				CLANG_WARN_OBJC_ROOT_CLASS = YES_ERROR;
				CLANG_WARN_QUOTED_INCLUDE_IN_FRAMEWORK_HEADER = YES;
				CLANG_WARN_RANGE_LOOP_ANALYSIS = YES;
				CLANG_WARN_STRICT_PROTOTYPES = YES;
				CLANG_WARN_SUSPICIOUS_MOVE = YES;
				CLANG_WARN_UNGUARDED_AVAILABILITY = YES_AGGRESSIVE;
				CLANG_WARN_UNREACHABLE_CODE = YES;
				CLANG_WARN__DUPLICATE_METHOD_MATCH = YES;
				COPY_PHASE_STRIP = NO;
				DEBUG_INFORMATION_FORMAT = "dwarf-with-dsym";
				ENABLE_NS_ASSERTIONS = NO;
				ENABLE_STRICT_OBJC_MSGSEND = YES;
				GCC_C_LANGUAGE_STANDARD = gnu11;
				GCC_NO_COMMON_BLOCKS = YES;
				GCC_WARN_64_TO_32_BIT_CONVERSION = YES;
				GCC_WARN_ABOUT_RETURN_TYPE = YES_ERROR;
				GCC_WARN_UNDECLARED_SELECTOR = YES;
				GCC_WARN_UNINITIALIZED_AUTOS = YES_AGGRESSIVE;
				GCC_WARN_UNUSED_FUNCTION = YES;
				GCC_WARN_UNUSED_VARIABLE = YES;
				IPHONEOS_DEPLOYMENT_TARGET = 16.2;
				MTL_ENABLE_DEBUG_INFO = NO;
				MTL_FAST_MATH = YES;
				SDKROOT = iphoneos;
				SWIFT_COMPILATION_MODE = wholemodule;
				SWIFT_OPTIMIZATION_LEVEL = "-O";
				VALIDATE_PRODUCT = YES;
			};
			name = Release;
		};
		74A4C34D2CA1E93500159D01 /* Debug */ = {
			isa = XCBuildConfiguration;
			buildSettings = {
				ASSETCATALOG_COMPILER_APPICON_NAME = AppIcon;
				ASSETCATALOG_COMPILER_GLOBAL_ACCENT_COLOR_NAME = AccentColor;
				CODE_SIGN_STYLE = Automatic;
				CURRENT_PROJECT_VERSION = 1;
				DEVELOPMENT_TEAM = 7T366N6QTR;
				GENERATE_INFOPLIST_FILE = YES;
				INFOPLIST_FILE = "Movies HW 2.8.1/Info.plist";
				INFOPLIST_KEY_UIApplicationSupportsIndirectInputEvents = YES;
				INFOPLIST_KEY_UILaunchStoryboardName = LaunchScreen;
				INFOPLIST_KEY_UIMainStoryboardFile = Main;
				INFOPLIST_KEY_UISupportedInterfaceOrientations_iPad = "UIInterfaceOrientationPortrait UIInterfaceOrientationPortraitUpsideDown UIInterfaceOrientationLandscapeLeft UIInterfaceOrientationLandscapeRight";
				INFOPLIST_KEY_UISupportedInterfaceOrientations_iPhone = "UIInterfaceOrientationPortrait UIInterfaceOrientationLandscapeLeft UIInterfaceOrientationLandscapeRight";
				LD_RUNPATH_SEARCH_PATHS = (
					"$(inherited)",
					"@executable_path/Frameworks",
				);
				MARKETING_VERSION = 1.0;
				PRODUCT_BUNDLE_IDENTIFIER = "com.alexandrManzhosov.Movies-HW-2-8-1";
				PRODUCT_NAME = "$(TARGET_NAME)";
				SWIFT_EMIT_LOC_STRINGS = YES;
				SWIFT_VERSION = 5.0;
				TARGETED_DEVICE_FAMILY = "1,2";
			};
			name = Debug;
		};
		74A4C34E2CA1E93500159D01 /* Release */ = {
			isa = XCBuildConfiguration;
			buildSettings = {
				ASSETCATALOG_COMPILER_APPICON_NAME = AppIcon;
				ASSETCATALOG_COMPILER_GLOBAL_ACCENT_COLOR_NAME = AccentColor;
				CODE_SIGN_STYLE = Automatic;
				CURRENT_PROJECT_VERSION = 1;
				DEVELOPMENT_TEAM = 7T366N6QTR;
				GENERATE_INFOPLIST_FILE = YES;
				INFOPLIST_FILE = "Movies HW 2.8.1/Info.plist";
				INFOPLIST_KEY_UIApplicationSupportsIndirectInputEvents = YES;
				INFOPLIST_KEY_UILaunchStoryboardName = LaunchScreen;
				INFOPLIST_KEY_UIMainStoryboardFile = Main;
				INFOPLIST_KEY_UISupportedInterfaceOrientations_iPad = "UIInterfaceOrientationPortrait UIInterfaceOrientationPortraitUpsideDown UIInterfaceOrientationLandscapeLeft UIInterfaceOrientationLandscapeRight";
				INFOPLIST_KEY_UISupportedInterfaceOrientations_iPhone = "UIInterfaceOrientationPortrait UIInterfaceOrientationLandscapeLeft UIInterfaceOrientationLandscapeRight";
				LD_RUNPATH_SEARCH_PATHS = (
					"$(inherited)",
					"@executable_path/Frameworks",
				);
				MARKETING_VERSION = 1.0;
				PRODUCT_BUNDLE_IDENTIFIER = "com.alexandrManzhosov.Movies-HW-2-8-1";
				PRODUCT_NAME = "$(TARGET_NAME)";
				SWIFT_EMIT_LOC_STRINGS = YES;
				SWIFT_VERSION = 5.0;
				TARGETED_DEVICE_FAMILY = "1,2";
			};
			name = Release;
		};
/* End XCBuildConfiguration section */

/* Begin XCConfigurationList section */
		74A4C3332CA1E93300159D01 /* Build configuration list for PBXProject "Movies HW 2.8.1" */ = {
			isa = XCConfigurationList;
			buildConfigurations = (
				74A4C34A2CA1E93500159D01 /* Debug */,
				74A4C34B2CA1E93500159D01 /* Release */,
			);
			defaultConfigurationIsVisible = 0;
			defaultConfigurationName = Release;
		};
		74A4C34C2CA1E93500159D01 /* Build configuration list for PBXNativeTarget "Movies HW 2.8.1" */ = {
			isa = XCConfigurationList;
			buildConfigurations = (
				74A4C34D2CA1E93500159D01 /* Debug */,
				74A4C34E2CA1E93500159D01 /* Release */,
			);
			defaultConfigurationIsVisible = 0;
			defaultConfigurationName = Release;
		};
/* End XCConfigurationList section */
	};
	rootObject = 74A4C3302CA1E93300159D01 /* Project object */;
}
